
Microsoft Visual Studio Solution File, Format Version 12.00
# Visual Studio Version 17
VisualStudioVersion = 17.1.32421.90
MinimumVisualStudioVersion = 10.0.40219.1
Project("{FAE04EC0-301F-11D3-BF4B-00C04F79EFBC}") = "Sistema-Contable", "Sistema-Contable\Sistema-Contable.csproj", "{B8305203-46C9-4A4B-8418-07D2DEE08372}"
EndProject
Global
	GlobalSection(SolutionConfigurationPlatforms) = preSolution
		Debug|Any CPU = Debug|Any CPU
		Release|Any CPU = Release|Any CPU
	EndGlobalSection
	GlobalSection(ProjectConfigurationPlatforms) = postSolution
		{B8305203-46C9-4A4B-8418-07D2DEE08372}.Debug|Any CPU.ActiveCfg = Debug|Any CPU
		{B8305203-46C9-4A4B-8418-07D2DEE08372}.Debug|Any CPU.Build.0 = Debug|Any CPU
		{B8305203-46C9-4A4B-8418-07D2DEE08372}.Release|Any CPU.ActiveCfg = Release|Any CPU
		{B8305203-46C9-4A4B-8418-07D2DEE08372}.Release|Any CPU.Build.0 = Release|Any CPU
	EndGlobalSection
	GlobalSection(SolutionProperties) = preSolution
		HideSolutionNode = FALSE
	EndGlobalSection
	GlobalSection(ExtensibilityGlobals) = postSolution
		SolutionGuid = {F1470FB0-1F01-4ADA-8FAB-F8DEDA2E4A0A}
	EndGlobalSection
EndGlobal
